
Microsoft Visual Studio Solution File, Format Version 12.00
# Visual Studio Version 18
VisualStudioVersion = 18.8.12021.73
MinimumVisualStudioVersion = 10.0.40219.1
Project("{2150E333-8FDC-42A3-9474-1A3956D46DE8}") = "src", "src", "{827E0CD3-B72D-47B6-A68D-7590B98EB39B}"
EndProject
Project("{FAE04EC0-301F-11D3-BF4B-00C04F79EFBC}") = "Nova.Observability.Abstractions", "src\Nova.Observability.Abstractions\Nova.Observability.Abstractions.csproj", "{9BEB33E0-FA5D-49BC-8200-B50718A691B4}"
EndProject
Project("{FAE04EC0-301F-11D3-BF4B-00C04F79EFBC}") = "Nova.Observability.Core", "src\Nova.Observability.Core\Nova.Observability.Core.csproj", "{5A4DDA5F-CA78-425C-9030-4A29BD2724A8}"
EndProject
Project("{FAE04EC0-301F-11D3-BF4B-00C04F79EFBC}") = "Nova.Observability.OpenTelemetry", "src\Nova.Observability.OpenTelemetry\Nova.Observability.OpenTelemetry.csproj", "{40D38869-A05D-4D61-9FF2-BAA392630D04}"
EndProject
Project("{FAE04EC0-301F-11D3-BF4B-00C04F79EFBC}") = "Nova.Observability.Hosting", "src\Nova.Observability.Hosting\Nova.Observability.Hosting.csproj", "{9E02B6A0-2B77-4066-BDB7-AD7AFD3B4956}"
EndProject
Project("{FAE04EC0-301F-11D3-BF4B-00C04F79EFBC}") = "Nova.Observability.Legacy", "src\Nova.Observability.Legacy\Nova.Observability.Legacy.csproj", "{F5E6E9C7-F839-4248-A668-6E81FF956B3F}"
EndProject
Project("{2150E333-8FDC-42A3-9474-1A3956D46DE8}") = "samples", "samples", "{5D20AA90-6969-D8BD-9DCD-8634F4692FDA}"
EndProject
Project("{FAE04EC0-301F-11D3-BF4B-00C04F79EFBC}") = "Nova.Observability.Sample.Worker", "samples\Nova.Observability.Sample.Worker\Nova.Observability.Sample.Worker.csproj", "{EE8F832E-EF76-4A44-B8B8-DDFF56A833BA}"
EndProject
Project("{2150E333-8FDC-42A3-9474-1A3956D46DE8}") = "tests", "tests", "{0AB3BF05-4346-4AA6-1389-037BE0695223}"
EndProject
Project("{FAE04EC0-301F-11D3-BF4B-00C04F79EFBC}") = "Nova.Observability.Core.Tests", "tests\Nova.Observability.Core.Tests\Nova.Observability.Core.Tests.csproj", "{1F375DC9-5083-4CFF-A5FC-6288A6140C1C}"
EndProject
Project("{FAE04EC0-301F-11D3-BF4B-00C04F79EFBC}") = "Nova.Observability.Interception", "src\Nova.Observability.Interception\Nova.Observability.Interception.csproj", "{F9F9F83F-52B9-A67B-8862-082E2A255DFB}"
EndProject
Project("{FAE04EC0-301F-11D3-BF4B-00C04F79EFBC}") = "Nova.Observability.Messaging", "src\Nova.Observability.Messaging\Nova.Observability.Messaging.csproj", "{750520FD-745F-D58E-AC7C-B08A48B92075}"
EndProject
Project("{FAE04EC0-301F-11D3-BF4B-00C04F79EFBC}") = "Nova.Observability.Sample.RabbitMq.Publisher", "samples\Nova.Observability.Sample.RabbitMq.Publisher\Nova.Observability.Sample.RabbitMq.Publisher.csproj", "{50BB9422-2506-3BCD-4BC0-44022CB7551F}"
EndProject
Project("{FAE04EC0-301F-11D3-BF4B-00C04F79EFBC}") = "Nova.Observability.Sample.RabbitMq.Consumer", "samples\Nova.Observability.Sample.RabbitMq.Consumer\Nova.Observability.Sample.RabbitMq.Consumer.csproj", "{125E1147-E8F3-4B9B-9E83-AE0A9068ABC2}"
EndProject
Project("{FAE04EC0-301F-11D3-BF4B-00C04F79EFBC}") = "Nova.Observability.Sample.LegacyConsole", "samples\Nova.Observability.Sample.LegacyConsole\Nova.Observability.Sample.LegacyConsole.csproj", "{040B3E08-EB08-49E2-8E57-2B836D9BF790}"
EndProject
Global
	GlobalSection(SolutionConfigurationPlatforms) = preSolution
		Debug|Any CPU = Debug|Any CPU
		Debug|x64 = Debug|x64
		Debug|x86 = Debug|x86
		Release|Any CPU = Release|Any CPU
		Release|x64 = Release|x64
		Release|x86 = Release|x86
	EndGlobalSection
	GlobalSection(ProjectConfigurationPlatforms) = postSolution
		{9BEB33E0-FA5D-49BC-8200-B50718A691B4}.Debug|Any CPU.ActiveCfg = Debug|Any CPU
		{9BEB33E0-FA5D-49BC-8200-B50718A691B4}.Debug|Any CPU.Build.0 = Debug|Any CPU
		{9BEB33E0-FA5D-49BC-8200-B50718A691B4}.Debug|x64.ActiveCfg = Debug|Any CPU
		{9BEB33E0-FA5D-49BC-8200-B50718A691B4}.Debug|x64.Build.0 = Debug|Any CPU
		{9BEB33E0-FA5D-49BC-8200-B50718A691B4}.Debug|x86.ActiveCfg = Debug|Any CPU
		{9BEB33E0-FA5D-49BC-8200-B50718A691B4}.Debug|x86.Build.0 = Debug|Any CPU
		{9BEB33E0-FA5D-49BC-8200-B50718A691B4}.Release|Any CPU.ActiveCfg = Release|Any CPU
		{9BEB33E0-FA5D-49BC-8200-B50718A691B4}.Release|Any CPU.Build.0 = Release|Any CPU
		{9BEB33E0-FA5D-49BC-8200-B50718A691B4}.Release|x64.ActiveCfg = Release|Any CPU
		{9BEB33E0-FA5D-49BC-8200-B50718A691B4}.Release|x64.Build.0 = Release|Any CPU
		{9BEB33E0-FA5D-49BC-8200-B50718A691B4}.Release|x86.ActiveCfg = Release|Any CPU
		{9BEB33E0-FA5D-49BC-8200-B50718A691B4}.Release|x86.Build.0 = Release|Any CPU
		{5A4DDA5F-CA78-425C-9030-4A29BD2724A8}.Debug|Any CPU.ActiveCfg = Debug|Any CPU
		{5A4DDA5F-CA78-425C-9030-4A29BD2724A8}.Debug|Any CPU.Build.0 = Debug|Any CPU
		{5A4DDA5F-CA78-425C-9030-4A29BD2724A8}.Debug|x64.ActiveCfg = Debug|Any CPU
		{5A4DDA5F-CA78-425C-9030-4A29BD2724A8}.Debug|x64.Build.0 = Debug|Any CPU
		{5A4DDA5F-CA78-425C-9030-4A29BD2724A8}.Debug|x86.ActiveCfg = Debug|Any CPU
		{5A4DDA5F-CA78-425C-9030-4A29BD2724A8}.Debug|x86.Build.0 = Debug|Any CPU
		{5A4DDA5F-CA78-425C-9030-4A29BD2724A8}.Release|Any CPU.ActiveCfg = Release|Any CPU
		{5A4DDA5F-CA78-425C-9030-4A29BD2724A8}.Release|Any CPU.Build.0 = Release|Any CPU
		{5A4DDA5F-CA78-425C-9030-4A29BD2724A8}.Release|x64.ActiveCfg = Release|Any CPU
		{5A4DDA5F-CA78-425C-9030-4A29BD2724A8}.Release|x64.Build.0 = Release|Any CPU
		{5A4DDA5F-CA78-425C-9030-4A29BD2724A8}.Release|x86.ActiveCfg = Release|Any CPU
		{5A4DDA5F-CA78-425C-9030-4A29BD2724A8}.Release|x86.Build.0 = Release|Any CPU
		{40D38869-A05D-4D61-9FF2-BAA392630D04}.Debug|Any CPU.ActiveCfg = Debug|Any CPU
		{40D38869-A05D-4D61-9FF2-BAA392630D04}.Debug|Any CPU.Build.0 = Debug|Any CPU
		{40D38869-A05D-4D61-9FF2-BAA392630D04}.Debug|x64.ActiveCfg = Debug|Any CPU
		{40D38869-A05D-4D61-9FF2-BAA392630D04}.Debug|x64.Build.0 = Debug|Any CPU
		{40D38869-A05D-4D61-9FF2-BAA392630D04}.Debug|x86.ActiveCfg = Debug|Any CPU
		{40D38869-A05D-4D61-9FF2-BAA392630D04}.Debug|x86.Build.0 = Debug|Any CPU
		{40D38869-A05D-4D61-9FF2-BAA392630D04}.Release|Any CPU.ActiveCfg = Release|Any CPU
		{40D38869-A05D-4D61-9FF2-BAA392630D04}.Release|Any CPU.Build.0 = Release|Any CPU
		{40D38869-A05D-4D61-9FF2-BAA392630D04}.Release|x64.ActiveCfg = Release|Any CPU
		{40D38869-A05D-4D61-9FF2-BAA392630D04}.Release|x64.Build.0 = Release|Any CPU
		{40D38869-A05D-4D61-9FF2-BAA392630D04}.Release|x86.ActiveCfg = Release|Any CPU
		{40D38869-A05D-4D61-9FF2-BAA392630D04}.Release|x86.Build.0 = Release|Any CPU
		{9E02B6A0-2B77-4066-BDB7-AD7AFD3B4956}.Debug|Any CPU.ActiveCfg = Debug|Any CPU
		{9E02B6A0-2B77-4066-BDB7-AD7AFD3B4956}.Debug|Any CPU.Build.0 = Debug|Any CPU
		{9E02B6A0-2B77-4066-BDB7-AD7AFD3B4956}.Debug|x64.ActiveCfg = Debug|Any CPU
		{9E02B6A0-2B77-4066-BDB7-AD7AFD3B4956}.Debug|x64.Build.0 = Debug|Any CPU
		{9E02B6A0-2B77-4066-BDB7-AD7AFD3B4956}.Debug|x86.ActiveCfg = Debug|Any CPU
		{9E02B6A0-2B77-4066-BDB7-AD7AFD3B4956}.Debug|x86.Build.0 = Debug|Any CPU
		{9E02B6A0-2B77-4066-BDB7-AD7AFD3B4956}.Release|Any CPU.ActiveCfg = Release|Any CPU
		{9E02B6A0-2B77-4066-BDB7-AD7AFD3B4956}.Release|Any CPU.Build.0 = Release|Any CPU
		{9E02B6A0-2B77-4066-BDB7-AD7AFD3B4956}.Release|x64.ActiveCfg = Release|Any CPU
		{9E02B6A0-2B77-4066-BDB7-AD7AFD3B4956}.Release|x64.Build.0 = Release|Any CPU
		{9E02B6A0-2B77-4066-BDB7-AD7AFD3B4956}.Release|x86.ActiveCfg = Release|Any CPU
		{9E02B6A0-2B77-4066-BDB7-AD7AFD3B4956}.Release|x86.Build.0 = Release|Any CPU
		{F5E6E9C7-F839-4248-A668-6E81FF956B3F}.Debug|Any CPU.ActiveCfg = Debug|Any CPU
		{F5E6E9C7-F839-4248-A668-6E81FF956B3F}.Debug|Any CPU.Build.0 = Debug|Any CPU
		{F5E6E9C7-F839-4248-A668-6E81FF956B3F}.Debug|x64.ActiveCfg = Debug|Any CPU
		{F5E6E9C7-F839-4248-A668-6E81FF956B3F}.Debug|x64.Build.0 = Debug|Any CPU
		{F5E6E9C7-F839-4248-A668-6E81FF956B3F}.Debug|x86.ActiveCfg = Debug|Any CPU
		{F5E6E9C7-F839-4248-A668-6E81FF956B3F}.Debug|x86.Build.0 = Debug|Any CPU
		{F5E6E9C7-F839-4248-A668-6E81FF956B3F}.Release|Any CPU.ActiveCfg = Release|Any CPU
		{F5E6E9C7-F839-4248-A668-6E81FF956B3F}.Release|Any CPU.Build.0 = Release|Any CPU
		{F5E6E9C7-F839-4248-A668-6E81FF956B3F}.Release|x64.ActiveCfg = Release|Any CPU
		{F5E6E9C7-F839-4248-A668-6E81FF956B3F}.Release|x64.Build.0 = Release|Any CPU
		{F5E6E9C7-F839-4248-A668-6E81FF956B3F}.Release|x86.ActiveCfg = Release|Any CPU
		{F5E6E9C7-F839-4248-A668-6E81FF956B3F}.Release|x86.Build.0 = Release|Any CPU
		{EE8F832E-EF76-4A44-B8B8-DDFF56A833BA}.Debug|Any CPU.ActiveCfg = Debug|Any CPU
		{EE8F832E-EF76-4A44-B8B8-DDFF56A833BA}.Debug|Any CPU.Build.0 = Debug|Any CPU
		{EE8F832E-EF76-4A44-B8B8-DDFF56A833BA}.Debug|x64.ActiveCfg = Debug|Any CPU
		{EE8F832E-EF76-4A44-B8B8-DDFF56A833BA}.Debug|x64.Build.0 = Debug|Any CPU
		{EE8F832E-EF76-4A44-B8B8-DDFF56A833BA}.Debug|x86.ActiveCfg = Debug|Any CPU
		{EE8F832E-EF76-4A44-B8B8-DDFF56A833BA}.Debug|x86.Build.0 = Debug|Any CPU
		{EE8F832E-EF76-4A44-B8B8-DDFF56A833BA}.Release|Any CPU.ActiveCfg = Release|Any CPU
		{EE8F832E-EF76-4A44-B8B8-DDFF56A833BA}.Release|Any CPU.Build.0 = Release|Any CPU
		{EE8F832E-EF76-4A44-B8B8-DDFF56A833BA}.Release|x64.ActiveCfg = Release|Any CPU
		{EE8F832E-EF76-4A44-B8B8-DDFF56A833BA}.Release|x64.Build.0 = Release|Any CPU
		{EE8F832E-EF76-4A44-B8B8-DDFF56A833BA}.Release|x86.ActiveCfg = Release|Any CPU
		{EE8F832E-EF76-4A44-B8B8-DDFF56A833BA}.Release|x86.Build.0 = Release|Any CPU
		{1F375DC9-5083-4CFF-A5FC-6288A6140C1C}.Debug|Any CPU.ActiveCfg = Debug|Any CPU
		{1F375DC9-5083-4CFF-A5FC-6288A6140C1C}.Debug|Any CPU.Build.0 = Debug|Any CPU
		{1F375DC9-5083-4CFF-A5FC-6288A6140C1C}.Debug|x64.ActiveCfg = Debug|Any CPU
		{1F375DC9-5083-4CFF-A5FC-6288A6140C1C}.Debug|x64.Build.0 = Debug|Any CPU
		{1F375DC9-5083-4CFF-A5FC-6288A6140C1C}.Debug|x86.ActiveCfg = Debug|Any CPU
		{1F375DC9-5083-4CFF-A5FC-6288A6140C1C}.Debug|x86.Build.0 = Debug|Any CPU
		{1F375DC9-5083-4CFF-A5FC-6288A6140C1C}.Release|Any CPU.ActiveCfg = Release|Any CPU
		{1F375DC9-5083-4CFF-A5FC-6288A6140C1C}.Release|Any CPU.Build.0 = Release|Any CPU
		{1F375DC9-5083-4CFF-A5FC-6288A6140C1C}.Release|x64.ActiveCfg = Release|Any CPU
		{1F375DC9-5083-4CFF-A5FC-6288A6140C1C}.Release|x64.Build.0 = Release|Any CPU
		{1F375DC9-5083-4CFF-A5FC-6288A6140C1C}.Release|x86.ActiveCfg = Release|Any CPU
		{1F375DC9-5083-4CFF-A5FC-6288A6140C1C}.Release|x86.Build.0 = Release|Any CPU
		{F9F9F83F-52B9-A67B-8862-082E2A255DFB}.Debug|Any CPU.ActiveCfg = Debug|Any CPU
		{F9F9F83F-52B9-A67B-8862-082E2A255DFB}.Debug|Any CPU.Build.0 = Debug|Any CPU
		{F9F9F83F-52B9-A67B-8862-082E2A255DFB}.Debug|x64.ActiveCfg = Debug|Any CPU
		{F9F9F83F-52B9-A67B-8862-082E2A255DFB}.Debug|x64.Build.0 = Debug|Any CPU
		{F9F9F83F-52B9-A67B-8862-082E2A255DFB}.Debug|x86.ActiveCfg = Debug|Any CPU
		{F9F9F83F-52B9-A67B-8862-082E2A255DFB}.Debug|x86.Build.0 = Debug|Any CPU
		{F9F9F83F-52B9-A67B-8862-082E2A255DFB}.Release|Any CPU.ActiveCfg = Release|Any CPU
		{F9F9F83F-52B9-A67B-8862-082E2A255DFB}.Release|Any CPU.Build.0 = Release|Any CPU
		{F9F9F83F-52B9-A67B-8862-082E2A255DFB}.Release|x64.ActiveCfg = Release|Any CPU
		{F9F9F83F-52B9-A67B-8862-082E2A255DFB}.Release|x64.Build.0 = Release|Any CPU
		{F9F9F83F-52B9-A67B-8862-082E2A255DFB}.Release|x86.ActiveCfg = Release|Any CPU
		{F9F9F83F-52B9-A67B-8862-082E2A255DFB}.Release|x86.Build.0 = Release|Any CPU
		{750520FD-745F-D58E-AC7C-B08A48B92075}.Debug|Any CPU.ActiveCfg = Debug|Any CPU
		{750520FD-745F-D58E-AC7C-B08A48B92075}.Debug|Any CPU.Build.0 = Debug|Any CPU
		{750520FD-745F-D58E-AC7C-B08A48B92075}.Debug|x64.ActiveCfg = Debug|Any CPU
		{750520FD-745F-D58E-AC7C-B08A48B92075}.Debug|x64.Build.0 = Debug|Any CPU
		{750520FD-745F-D58E-AC7C-B08A48B92075}.Debug|x86.ActiveCfg = Debug|Any CPU
		{750520FD-745F-D58E-AC7C-B08A48B92075}.Debug|x86.Build.0 = Debug|Any CPU
		{750520FD-745F-D58E-AC7C-B08A48B92075}.Release|Any CPU.ActiveCfg = Release|Any CPU
		{750520FD-745F-D58E-AC7C-B08A48B92075}.Release|Any CPU.Build.0 = Release|Any CPU
		{750520FD-745F-D58E-AC7C-B08A48B92075}.Release|x64.ActiveCfg = Release|Any CPU
		{750520FD-745F-D58E-AC7C-B08A48B92075}.Release|x64.Build.0 = Release|Any CPU
		{750520FD-745F-D58E-AC7C-B08A48B92075}.Release|x86.ActiveCfg = Release|Any CPU
		{750520FD-745F-D58E-AC7C-B08A48B92075}.Release|x86.Build.0 = Release|Any CPU
		{50BB9422-2506-3BCD-4BC0-44022CB7551F}.Debug|Any CPU.ActiveCfg = Debug|Any CPU
		{50BB9422-2506-3BCD-4BC0-44022CB7551F}.Debug|Any CPU.Build.0 = Debug|Any CPU
		{50BB9422-2506-3BCD-4BC0-44022CB7551F}.Debug|x64.ActiveCfg = Debug|Any CPU
		{50BB9422-2506-3BCD-4BC0-44022CB7551F}.Debug|x64.Build.0 = Debug|Any CPU
		{50BB9422-2506-3BCD-4BC0-44022CB7551F}.Debug|x86.ActiveCfg = Debug|Any CPU
		{50BB9422-2506-3BCD-4BC0-44022CB7551F}.Debug|x86.Build.0 = Debug|Any CPU
		{50BB9422-2506-3BCD-4BC0-44022CB7551F}.Release|Any CPU.ActiveCfg = Release|Any CPU
		{50BB9422-2506-3BCD-4BC0-44022CB7551F}.Release|Any CPU.Build.0 = Release|Any CPU
		{50BB9422-2506-3BCD-4BC0-44022CB7551F}.Release|x64.ActiveCfg = Release|Any CPU
		{50BB9422-2506-3BCD-4BC0-44022CB7551F}.Release|x64.Build.0 = Release|Any CPU
		{50BB9422-2506-3BCD-4BC0-44022CB7551F}.Release|x86.ActiveCfg = Release|Any CPU
		{50BB9422-2506-3BCD-4BC0-44022CB7551F}.Release|x86.Build.0 = Release|Any CPU
		{125E1147-E8F3-4B9B-9E83-AE0A9068ABC2}.Debug|Any CPU.ActiveCfg = Debug|Any CPU
		{125E1147-E8F3-4B9B-9E83-AE0A9068ABC2}.Debug|Any CPU.Build.0 = Debug|Any CPU
		{125E1147-E8F3-4B9B-9E83-AE0A9068ABC2}.Debug|x64.ActiveCfg = Debug|Any CPU
		{125E1147-E8F3-4B9B-9E83-AE0A9068ABC2}.Debug|x64.Build.0 = Debug|Any CPU
		{125E1147-E8F3-4B9B-9E83-AE0A9068ABC2}.Debug|x86.ActiveCfg = Debug|Any CPU
		{125E1147-E8F3-4B9B-9E83-AE0A9068ABC2}.Debug|x86.Build.0 = Debug|Any CPU
		{125E1147-E8F3-4B9B-9E83-AE0A9068ABC2}.Release|Any CPU.ActiveCfg = Release|Any CPU
		{125E1147-E8F3-4B9B-9E83-AE0A9068ABC2}.Release|Any CPU.Build.0 = Release|Any CPU
		{125E1147-E8F3-4B9B-9E83-AE0A9068ABC2}.Release|x64.ActiveCfg = Release|Any CPU
		{125E1147-E8F3-4B9B-9E83-AE0A9068ABC2}.Release|x64.Build.0 = Release|Any CPU
		{125E1147-E8F3-4B9B-9E83-AE0A9068ABC2}.Release|x86.ActiveCfg = Release|Any CPU
		{125E1147-E8F3-4B9B-9E83-AE0A9068ABC2}.Release|x86.Build.0 = Release|Any CPU
		{040B3E08-EB08-49E2-8E57-2B836D9BF790}.Debug|Any CPU.ActiveCfg = Debug|Any CPU
		{040B3E08-EB08-49E2-8E57-2B836D9BF790}.Debug|Any CPU.Build.0 = Debug|Any CPU
		{040B3E08-EB08-49E2-8E57-2B836D9BF790}.Debug|x64.ActiveCfg = Debug|Any CPU
		{040B3E08-EB08-49E2-8E57-2B836D9BF790}.Debug|x64.Build.0 = Debug|Any CPU
		{040B3E08-EB08-49E2-8E57-2B836D9BF790}.Debug|x86.ActiveCfg = Debug|Any CPU
		{040B3E08-EB08-49E2-8E57-2B836D9BF790}.Debug|x86.Build.0 = Debug|Any CPU
		{040B3E08-EB08-49E2-8E57-2B836D9BF790}.Release|Any CPU.ActiveCfg = Release|Any CPU
		{040B3E08-EB08-49E2-8E57-2B836D9BF790}.Release|Any CPU.Build.0 = Release|Any CPU
		{040B3E08-EB08-49E2-8E57-2B836D9BF790}.Release|x64.ActiveCfg = Release|Any CPU
		{040B3E08-EB08-49E2-8E57-2B836D9BF790}.Release|x64.Build.0 = Release|Any CPU
		{040B3E08-EB08-49E2-8E57-2B836D9BF790}.Release|x86.ActiveCfg = Release|Any CPU
		{040B3E08-EB08-49E2-8E57-2B836D9BF790}.Release|x86.Build.0 = Release|Any CPU
	EndGlobalSection
	GlobalSection(SolutionProperties) = preSolution
		HideSolutionNode = FALSE
	EndGlobalSection
	GlobalSection(NestedProjects) = preSolution
		{9BEB33E0-FA5D-49BC-8200-B50718A691B4} = {827E0CD3-B72D-47B6-A68D-7590B98EB39B}
		{5A4DDA5F-CA78-425C-9030-4A29BD2724A8} = {827E0CD3-B72D-47B6-A68D-7590B98EB39B}
		{40D38869-A05D-4D61-9FF2-BAA392630D04} = {827E0CD3-B72D-47B6-A68D-7590B98EB39B}
		{9E02B6A0-2B77-4066-BDB7-AD7AFD3B4956} = {827E0CD3-B72D-47B6-A68D-7590B98EB39B}
		{F5E6E9C7-F839-4248-A668-6E81FF956B3F} = {827E0CD3-B72D-47B6-A68D-7590B98EB39B}
		{EE8F832E-EF76-4A44-B8B8-DDFF56A833BA} = {5D20AA90-6969-D8BD-9DCD-8634F4692FDA}
		{1F375DC9-5083-4CFF-A5FC-6288A6140C1C} = {0AB3BF05-4346-4AA6-1389-037BE0695223}
		{F9F9F83F-52B9-A67B-8862-082E2A255DFB} = {827E0CD3-B72D-47B6-A68D-7590B98EB39B}
		{750520FD-745F-D58E-AC7C-B08A48B92075} = {827E0CD3-B72D-47B6-A68D-7590B98EB39B}
		{50BB9422-2506-3BCD-4BC0-44022CB7551F} = {5D20AA90-6969-D8BD-9DCD-8634F4692FDA}
		{125E1147-E8F3-4B9B-9E83-AE0A9068ABC2} = {5D20AA90-6969-D8BD-9DCD-8634F4692FDA}
		{040B3E08-EB08-49E2-8E57-2B836D9BF790} = {5D20AA90-6969-D8BD-9DCD-8634F4692FDA}
	EndGlobalSection
	GlobalSection(ExtensibilityGlobals) = postSolution
		SolutionGuid = {E408D2A6-8E83-449C-9495-244FE89418FB}
	EndGlobalSection
EndGlobal
